
Microsoft Visual Studio Solution File, Format Version 12.00
# Visual Studio Version 17
VisualStudioVersion = 17.8.34408.163
MinimumVisualStudioVersion = 10.0.40219.1
Project("{FAE04EC0-301F-11D3-BF4B-00C04F79EFBC}") = "UserManager", "UserManager\UserManager.csproj", "{0B76D3EA-67E1-40A5-A120-860A60C0E2E4}"
EndProject
Global
	GlobalSection(SolutionConfigurationPlatforms) = preSolution
		Debug|Any CPU = Debug|Any CPU
		Release|Any CPU = Release|Any CPU
	EndGlobalSection
	GlobalSection(ProjectConfigurationPlatforms) = postSolution
		{0B76D3EA-67E1-40A5-A120-860A60C0E2E4}.Debug|Any CPU.ActiveCfg = Debug|Any CPU
		{0B76D3EA-67E1-40A5-A120-860A60C0E2E4}.Debug|Any CPU.Build.0 = Debug|Any CPU
		{0B76D3EA-67E1-40A5-A120-860A60C0E2E4}.Release|Any CPU.ActiveCfg = Release|Any CPU
		{0B76D3EA-67E1-40A5-A120-860A60C0E2E4}.Release|Any CPU.Build.0 = Release|Any CPU
	EndGlobalSection
	GlobalSection(SolutionProperties) = preSolution
		HideSolutionNode = FALSE
	EndGlobalSection
	GlobalSection(ExtensibilityGlobals) = postSolution
		SolutionGuid = {38F4BB9D-81C1-4DD0-94D5-275BD16C5E06}
	EndGlobalSection
EndGlobal
